// !$*UTF8*$!
{
	archiveVersion = 1;
	classes = {
	};
	objectVersion = 77;
	objects = {

/* Begin PBXContainerItemProxy section */
		40E135C32E5C563F00D1D104 /* PBXContainerItemProxy */ = {
			isa = PBXContainerItemProxy;
			containerPortal = 40E135A12E5C563A00D1D104 /* Project object */;
			proxyType = 1;
			remoteGlobalIDString = 40E135A82E5C563A00D1D104;
			remoteInfo = "Movies Catalog";
		};
		40E135CD2E5C563F00D1D104 /* PBXContainerItemProxy */ = {
			isa = PBXContainerItemProxy;
			containerPortal = 40E135A12E5C563A00D1D104 /* Project object */;
			proxyType = 1;
			remoteGlobalIDString = 40E135A82E5C563A00D1D104;
			remoteInfo = "Movies Catalog";
		};
/* End PBXContainerItemProxy section */

/* Begin PBXFileReference section */
		40E135A92E5C563A00D1D104 /* Movies Catalog.app */ = {isa = PBXFileReference; explicitFileType = wrapper.application; includeInIndex = 0; path = "Movies Catalog.app"; sourceTree = BUILT_PRODUCTS_DIR; };
		40E135C22E5C563F00D1D104 /* Movies CatalogTests.xctest */ = {isa = PBXFileReference; explicitFileType = wrapper.cfbundle; includeInIndex = 0; path = "Movies CatalogTests.xctest"; sourceTree = BUILT_PRODUCTS_DIR; };
		40E135CC2E5C563F00D1D104 /* Movies CatalogUITests.xctest */ = {isa = PBXFileReference; explicitFileType = wrapper.cfbundle; includeInIndex = 0; path = "Movies CatalogUITests.xctest"; sourceTree = BUILT_PRODUCTS_DIR; };
/* End PBXFileReference section */

/* Begin PBXFileSystemSynchronizedBuildFileExceptionSet section */
		40E135D42E5C563F00D1D104 /* Exceptions for "Movies Catalog" folder in "Movies Catalog" target */ = {
			isa = PBXFileSystemSynchronizedBuildFileExceptionSet;
			membershipExceptions = (
				Info.plist,
			);
			target = 40E135A82E5C563A00D1D104 /* Movies Catalog */;
		};
/* End PBXFileSystemSynchronizedBuildFileExceptionSet section */

/* Begin PBXFileSystemSynchronizedRootGroup section */
		40E135AB2E5C563A00D1D104 /* Movies Catalog */ = {
			isa = PBXFileSystemSynchronizedRootGroup;
			exceptions = (
				40E135D42E5C563F00D1D104 /* Exceptions for "Movies Catalog" folder in "Movies Catalog" target */,
			);
			path = "Movies Catalog";
			sourceTree = "<group>";
		};
		40E135C52E5C563F00D1D104 /* Movies CatalogTests */ = {
			isa = PBXFileSystemSynchronizedRootGroup;
			path = "Movies CatalogTests";
			sourceTree = "<group>";
		};
		40E135CF2E5C563F00D1D104 /* Movies CatalogUITests */ = {
			isa = PBXFileSystemSynchronizedRootGroup;
			path = "Movies CatalogUITests";
			sourceTree = "<group>";
		};
/* End PBXFileSystemSynchronizedRootGroup section */

/* Begin PBXFrameworksBuildPhase section */
		40E135A62E5C563A00D1D104 /* Frameworks */ = {
			isa = PBXFrameworksBuildPhase;
			buildActionMask = 2147483647;
			files = (
			);
			runOnlyForDeploymentPostprocessing = 0;
		};
		40E135BF2E5C563F00D1D104 /* Frameworks */ = {
			isa = PBXFrameworksBuildPhase;
			buildActionMask = 2147483647;
			files = (
			);
			runOnlyForDeploymentPostprocessing = 0;
		};
		40E135C92E5C563F00D1D104 /* Frameworks */ = {
			isa = PBXFrameworksBuildPhase;
			buildActionMask = 2147483647;
			files = (
			);
			runOnlyForDeploymentPostprocessing = 0;
		};
/* End PBXFrameworksBuildPhase section */

/* Begin PBXGroup section */
		40E135A02E5C563A00D1D104 = {
			isa = PBXGroup;
			children = (
				40E135AB2E5C563A00D1D104 /* Movies Catalog */,
				40E135C52E5C563F00D1D104 /* Movies CatalogTests */,
				40E135CF2E5C563F00D1D104 /* Movies CatalogUITests */,
				40E135AA2E5C563A00D1D104 /* Products */,
			);
			sourceTree = "<group>";
		};
		40E135AA2E5C563A00D1D104 /* Products */ = {
			isa = PBXGroup;
			children = (
				40E135A92E5C563A00D1D104 /* Movies Catalog.app */,
				40E135C22E5C563F00D1D104 /* Movies CatalogTests.xctest */,
				40E135CC2E5C563F00D1D104 /* Movies CatalogUITests.xctest */,
			);
			name = Products;
			sourceTree = "<group>";
		};
/* End PBXGroup section */

/* Begin PBXNativeTarget section */
		40E135A82E5C563A00D1D104 /* Movies Catalog */ = {
			isa = PBXNativeTarget;
			buildConfigurationList = 40E135D52E5C563F00D1D104 /* Build configuration list for PBXNativeTarget "Movies Catalog" */;
			buildPhases = (
				40E135A52E5C563A00D1D104 /* Sources */,
				40E135A62E5C563A00D1D104 /* Frameworks */,
				40E135A72E5C563A00D1D104 /* Resources */,
			);
			buildRules = (
			);
			dependencies = (
			);
			fileSystemSynchronizedGroups = (
				40E135AB2E5C563A00D1D104 /* Movies Catalog */,
			);
			name = "Movies Catalog";
			packageProductDependencies = (
			);
			productName = "Movies Catalog";
			productReference = 40E135A92E5C563A00D1D104 /* Movies Catalog.app */;
			productType = "com.apple.product-type.application";
		};
		40E135C12E5C563F00D1D104 /* Movies CatalogTests */ = {
			isa = PBXNativeTarget;
			buildConfigurationList = 40E135DA2E5C563F00D1D104 /* Build configuration list for PBXNativeTarget "Movies CatalogTests" */;
			buildPhases = (
				40E135BE2E5C563F00D1D104 /* Sources */,
				40E135BF2E5C563F00D1D104 /* Frameworks */,
				40E135C02E5C563F00D1D104 /* Resources */,
			);
			buildRules = (
			);
			dependencies = (
				40E135C42E5C563F00D1D104 /* PBXTargetDependency */,
			);
			fileSystemSynchronizedGroups = (
				40E135C52E5C563F00D1D104 /* Movies CatalogTests */,
			);
			name = "Movies CatalogTests";
			packageProductDependencies = (
			);
			productName = "Movies CatalogTests";
			productReference = 40E135C22E5C563F00D1D104 /* Movies CatalogTests.xctest */;
			productType = "com.apple.product-type.bundle.unit-test";
		};
		40E135CB2E5C563F00D1D104 /* Movies CatalogUITests */ = {
			isa = PBXNativeTarget;
			buildConfigurationList = 40E135DD2E5C563F00D1D104 /* Build configuration list for PBXNativeTarget "Movies CatalogUITests" */;
			buildPhases = (
				40E135C82E5C563F00D1D104 /* Sources */,
				40E135C92E5C563F00D1D104 /* Frameworks */,
				40E135CA2E5C563F00D1D104 /* Resources */,
			);
			buildRules = (
			);
			dependencies = (
				40E135CE2E5C563F00D1D104 /* PBXTargetDependency */,
			);
			fileSystemSynchronizedGroups = (
				40E135CF2E5C563F00D1D104 /* Movies CatalogUITests */,
			);
			name = "Movies CatalogUITests";
			packageProductDependencies = (
			);
			productName = "Movies CatalogUITests";
			productReference = 40E135CC2E5C563F00D1D104 /* Movies CatalogUITests.xctest */;
			productType = "com.apple.product-type.bundle.ui-testing";
		};
/* End PBXNativeTarget section */

/* Begin PBXProject section */
		40E135A12E5C563A00D1D104 /* Project object */ = {
			isa = PBXProject;
			attributes = {
				BuildIndependentTargetsInParallel = 1;
				LastSwiftUpdateCheck = 1620;
				LastUpgradeCheck = 1620;
				TargetAttributes = {
					40E135A82E5C563A00D1D104 = {
						CreatedOnToolsVersion = 16.2;
					};
					40E135C12E5C563F00D1D104 = {
						CreatedOnToolsVersion = 16.2;
						TestTargetID = 40E135A82E5C563A00D1D104;
					};
					40E135CB2E5C563F00D1D104 = {
						CreatedOnToolsVersion = 16.2;
						TestTargetID = 40E135A82E5C563A00D1D104;
					};
				};
			};
			buildConfigurationList = 40E135A42E5C563A00D1D104 /* Build configuration list for PBXProject "Movies Catalog" */;
			developmentRegion = en;
			hasScannedForEncodings = 0;
			knownRegions = (
				en,
				Base,
			);
			mainGroup = 40E135A02E5C563A00D1D104;
			minimizedProjectReferenceProxies = 1;
			preferredProjectObjectVersion = 77;
			productRefGroup = 40E135AA2E5C563A00D1D104 /* Products */;
			projectDirPath = "";
			projectRoot = "";
			targets = (
				40E135A82E5C563A00D1D104 /* Movies Catalog */,
				40E135C12E5C563F00D1D104 /* Movies CatalogTests */,
				40E135CB2E5C563F00D1D104 /* Movies CatalogUITests */,
			);
		};
/* End PBXProject section */

/* Begin PBXResourcesBuildPhase section */
		40E135A72E5C563A00D1D104 /* Resources */ = {
			isa = PBXResourcesBuildPhase;
			buildActionMask = 2147483647;
			files = (
			);
			runOnlyForDeploymentPostprocessing = 0;
		};
		40E135C02E5C563F00D1D104 /* Resources */ = {
			isa = PBXResourcesBuildPhase;
			buildActionMask = 2147483647;
			files = (
			);
			runOnlyForDeploymentPostprocessing = 0;
		};
		40E135CA2E5C563F00D1D104 /* Resources */ = {
			isa = PBXResourcesBuildPhase;
			buildActionMask = 2147483647;
			files = (
			);
			runOnlyForDeploymentPostprocessing = 0;
		};
/* End PBXResourcesBuildPhase section */

/* Begin PBXSourcesBuildPhase section */
		40E135A52E5C563A00D1D104 /* Sources */ = {
			isa = PBXSourcesBuildPhase;
			buildActionMask = 2147483647;
			files = (
			);
			runOnlyForDeploymentPostprocessing = 0;
		};
		40E135BE2E5C563F00D1D104 /* Sources */ = {
			isa = PBXSourcesBuildPhase;
			buildActionMask = 2147483647;
			files = (
			);
			runOnlyForDeploymentPostprocessing = 0;
		};
		40E135C82E5C563F00D1D104 /* Sources */ = {
			isa = PBXSourcesBuildPhase;
			buildActionMask = 2147483647;
			files = (
			);
			runOnlyForDeploymentPostprocessing = 0;
		};
/* End PBXSourcesBuildPhase section */

/* Begin PBXTargetDependency section */
		40E135C42E5C563F00D1D104 /* PBXTargetDependency */ = {
			isa = PBXTargetDependency;
			target = 40E135A82E5C563A00D1D104 /* Movies Catalog */;
			targetProxy = 40E135C32E5C563F00D1D104 /* PBXContainerItemProxy */;
		};
		40E135CE2E5C563F00D1D104 /* PBXTargetDependency */ = {
			isa = PBXTargetDependency;
			target = 40E135A82E5C563A00D1D104 /* Movies Catalog */;
			targetProxy = 40E135CD2E5C563F00D1D104 /* PBXContainerItemProxy */;
		};
/* End PBXTargetDependency section */

/* Begin XCBuildConfiguration section */
		40E135D62E5C563F00D1D104 /* Debug */ = {
			isa = XCBuildConfiguration;
			buildSettings = {
				ASSETCATALOG_COMPILER_APPICON_NAME = AppIcon;
				ASSETCATALOG_COMPILER_GLOBAL_ACCENT_COLOR_NAME = AccentColor;
				CODE_SIGN_STYLE = Automatic;
				CURRENT_PROJECT_VERSION = 1;
				DEVELOPMENT_TEAM = TSANYDZ8C4;
				GENERATE_INFOPLIST_FILE = YES;
				INFOPLIST_FILE = "Movies Catalog/Info.plist";
				INFOPLIST_KEY_CFBundleDisplayName = "Movies+";
				INFOPLIST_KEY_LSApplicationCategoryType = "public.app-category.entertainment";
				INFOPLIST_KEY_UIApplicationSupportsIndirectInputEvents = YES;
				INFOPLIST_KEY_UILaunchStoryboardName = LaunchScreen;
				INFOPLIST_KEY_UIMainStoryboardFile = Main;
				INFOPLIST_KEY_UISupportedInterfaceOrientations_iPad = "UIInterfaceOrientationPortrait UIInterfaceOrientationPortraitUpsideDown UIInterfaceOrientationLandscapeLeft UIInterfaceOrientationLandscapeRight";
				INFOPLIST_KEY_UISupportedInterfaceOrientations_iPhone = "UIInterfaceOrientationPortrait UIInterfaceOrientationLandscapeLeft UIInterfaceOrientationLandscapeRight";
				IPHONEOS_DEPLOYMENT_TARGET = 15.0;
				LD_RUNPATH_SEARCH_PATHS = (
					"$(inherited)",
					"@executable_path/Frameworks",
				);
				MARKETING_VERSION = 1.0;
				PRODUCT_BUNDLE_IDENTIFIER = "com.tvpmovies.Movies-Catalog";
				PRODUCT_NAME = "$(TARGET_NAME)";
				SUPPORTED_PLATFORMS = "iphoneos iphonesimulator";
				SUPPORTS_MACCATALYST = NO;
				SUPPORTS_MAC_DESIGNED_FOR_IPHONE_IPAD = NO;
				SUPPORTS_XR_DESIGNED_FOR_IPHONE_IPAD = NO;
				SWIFT_EMIT_LOC_STRINGS = YES;
				SWIFT_VERSION = 5.0;
				TARGETED_DEVICE_FAMILY = "1,2";
			};
			name = Debug;
		};
		40E135D72E5C563F00D1D104 /* Release */ = {
			isa = XCBuildConfiguration;
			buildSettings = {
				ASSETCATALOG_COMPILER_APPICON_NAME = AppIcon;
				ASSETCATALOG_COMPILER_GLOBAL_ACCENT_COLOR_NAME = AccentColor;
				CODE_SIGN_STYLE = Automatic;
				CURRENT_PROJECT_VERSION = 1;
				DEVELOPMENT_TEAM = TSANYDZ8C4;
				GENERATE_INFOPLIST_FILE = YES;
				INFOPLIST_FILE = "Movies Catalog/Info.plist";
				INFOPLIST_KEY_CFBundleDisplayName = "Movies+";
				INFOPLIST_KEY_LSApplicationCategoryType = "public.app-category.entertainment";
				INFOPLIST_KEY_UIApplicationSupportsIndirectInputEvents = YES;
				INFOPLIST_KEY_UILaunchStoryboardName = LaunchScreen;
				INFOPLIST_KEY_UIMainStoryboardFile = Main;
				INFOPLIST_KEY_UISupportedInterfaceOrientations_iPad = "UIInterfaceOrientationPortrait UIInterfaceOrientationPortraitUpsideDown UIInterfaceOrientationLandscapeLeft UIInterfaceOrientationLandscapeRight";
				INFOPLIST_KEY_UISupportedInterfaceOrientations_iPhone = "UIInterfaceOrientationPortrait UIInterfaceOrientationLandscapeLeft UIInterfaceOrientationLandscapeRight";
				IPHONEOS_DEPLOYMENT_TARGET = 15.0;
				LD_RUNPATH_SEARCH_PATHS = (
					"$(inherited)",
					"@executable_path/Frameworks",
				);
				MARKETING_VERSION = 1.0;
				PRODUCT_BUNDLE_IDENTIFIER = "com.tvpmovies.Movies-Catalog";
				PRODUCT_NAME = "$(TARGET_NAME)";
				SUPPORTED_PLATFORMS = "iphoneos iphonesimulator";
				SUPPORTS_MACCATALYST = NO;
				SUPPORTS_MAC_DESIGNED_FOR_IPHONE_IPAD = NO;
				SUPPORTS_XR_DESIGNED_FOR_IPHONE_IPAD = NO;
				SWIFT_EMIT_LOC_STRINGS = YES;
				SWIFT_VERSION = 5.0;
				TARGETED_DEVICE_FAMILY = "1,2";
			};
			name = Release;
		};
		40E135D82E5C563F00D1D104 /* Debug */ = {
			isa = XCBuildConfiguration;
			buildSettings = {
				ALWAYS_SEARCH_USER_PATHS = NO;
				ASSETCATALOG_COMPILER_GENERATE_SWIFT_ASSET_SYMBOL_EXTENSIONS = YES;
				CLANG_ANALYZER_NONNULL = YES;
				CLANG_ANALYZER_NUMBER_OBJECT_CONVERSION = YES_AGGRESSIVE;
				CLANG_CXX_LANGUAGE_STANDARD = "gnu++20";
				CLANG_ENABLE_MODULES = YES;
				CLANG_ENABLE_OBJC_ARC = YES;
				CLANG_ENABLE_OBJC_WEAK = YES;
				CLANG_WARN_BLOCK_CAPTURE_AUTORELEASING = YES;
				CLANG_WARN_BOOL_CONVERSION = YES;
				CLANG_WARN_COMMA = YES;
				CLANG_WARN_CONSTANT_CONVERSION = YES;
				CLANG_WARN_DEPRECATED_OBJC_IMPLEMENTATIONS = YES;
				CLANG_WARN_DIRECT_OBJC_ISA_USAGE = YES_ERROR;
				CLANG_WARN_DOCUMENTATION_COMMENTS = YES;
				CLANG_WARN_EMPTY_BODY = YES;
				CLANG_WARN_ENUM_CONVERSION = YES;
				CLANG_WARN_INFINITE_RECURSION = YES;
				CLANG_WARN_INT_CONVERSION = YES;
				CLANG_WARN_NON_LITERAL_NULL_CONVERSION = YES;
				CLANG_WARN_OBJC_IMPLICIT_RETAIN_SELF = YES;
				CLANG_WARN_OBJC_LITERAL_CONVERSION = YES;
				CLANG_WARN_OBJC_ROOT_CLASS = YES_ERROR;
				CLANG_WARN_QUOTED_INCLUDE_IN_FRAMEWORK_HEADER = YES;
				CLANG_WARN_RANGE_LOOP_ANALYSIS = YES;
				CLANG_WARN_STRICT_PROTOTYPES = YES;
				CLANG_WARN_SUSPICIOUS_MOVE = YES;
				CLANG_WARN_UNGUARDED_AVAILABILITY = YES_AGGRESSIVE;
				CLANG_WARN_UNREACHABLE_CODE = YES;
				CLANG_WARN__DUPLICATE_METHOD_MATCH = YES;
				COPY_PHASE_STRIP = NO;
				DEBUG_INFORMATION_FORMAT = dwarf;
				ENABLE_STRICT_OBJC_MSGSEND = YES;
				ENABLE_TESTABILITY = YES;
				ENABLE_USER_SCRIPT_SANDBOXING = YES;
				GCC_C_LANGUAGE_STANDARD = gnu17;
				GCC_DYNAMIC_NO_PIC = NO;
				GCC_NO_COMMON_BLOCKS = YES;
				GCC_OPTIMIZATION_LEVEL = 0;
				GCC_PREPROCESSOR_DEFINITIONS = (
					"DEBUG=1",
					"$(inherited)",
				);
				GCC_WARN_64_TO_32_BIT_CONVERSION = YES;
				GCC_WARN_ABOUT_RETURN_TYPE = YES_ERROR;
				GCC_WARN_UNDECLARED_SELECTOR = YES;
				GCC_WARN_UNINITIALIZED_AUTOS = YES_AGGRESSIVE;
				GCC_WARN_UNUSED_FUNCTION = YES;
				GCC_WARN_UNUSED_VARIABLE = YES;
				IPHONEOS_DEPLOYMENT_TARGET = 18.2;
				LOCALIZATION_PREFERS_STRING_CATALOGS = YES;
				MTL_ENABLE_DEBUG_INFO = INCLUDE_SOURCE;
				MTL_FAST_MATH = YES;
				ONLY_ACTIVE_ARCH = YES;
				SDKROOT = iphoneos;
				SWIFT_ACTIVE_COMPILATION_CONDITIONS = "DEBUG $(inherited)";
				SWIFT_OPTIMIZATION_LEVEL = "-Onone";
			};
			name = Debug;
		};
		40E135D92E5C563F00D1D104 /* Release */ = {
			isa = XCBuildConfiguration;
			buildSettings = {
				ALWAYS_SEARCH_USER_PATHS = NO;
				ASSETCATALOG_COMPILER_GENERATE_SWIFT_ASSET_SYMBOL_EXTENSIONS = YES;
				CLANG_ANALYZER_NONNULL = YES;
				CLANG_ANALYZER_NUMBER_OBJECT_CONVERSION = YES_AGGRESSIVE;
				CLANG_CXX_LANGUAGE_STANDARD = "gnu++20";
				CLANG_ENABLE_MODULES = YES;
				CLANG_ENABLE_OBJC_ARC = YES;
				CLANG_ENABLE_OBJC_WEAK = YES;
				CLANG_WARN_BLOCK_CAPTURE_AUTORELEASING = YES;
				CLANG_WARN_BOOL_CONVERSION = YES;
				CLANG_WARN_COMMA = YES;
				CLANG_WARN_CONSTANT_CONVERSION = YES;
				CLANG_WARN_DEPRECATED_OBJC_IMPLEMENTATIONS = YES;
				CLANG_WARN_DIRECT_OBJC_ISA_USAGE = YES_ERROR;
				CLANG_WARN_DOCUMENTATION_COMMENTS = YES;
				CLANG_WARN_EMPTY_BODY = YES;
				CLANG_WARN_ENUM_CONVERSION = YES;
				CLANG_WARN_INFINITE_RECURSION = YES;
				CLANG_WARN_INT_CONVERSION = YES;
				CLANG_WARN_NON_LITERAL_NULL_CONVERSION = YES;
				CLANG_WARN_OBJC_IMPLICIT_RETAIN_SELF = YES;
				CLANG_WARN_OBJC_LITERAL_CONVERSION = YES;
				CLANG_WARN_OBJC_ROOT_CLASS = YES_ERROR;
				CLANG_WARN_QUOTED_INCLUDE_IN_FRAMEWORK_HEADER = YES;
				CLANG_WARN_RANGE_LOOP_ANALYSIS = YES;
				CLANG_WARN_STRICT_PROTOTYPES = YES;
				CLANG_WARN_SUSPICIOUS_MOVE = YES;
				CLANG_WARN_UNGUARDED_AVAILABILITY = YES_AGGRESSIVE;
				CLANG_WARN_UNREACHABLE_CODE = YES;
				CLANG_WARN__DUPLICATE_METHOD_MATCH = YES;
				COPY_PHASE_STRIP = NO;
				DEBUG_INFORMATION_FORMAT = "dwarf-with-dsym";
				ENABLE_NS_ASSERTIONS = NO;
				ENABLE_STRICT_OBJC_MSGSEND = YES;
				ENABLE_USER_SCRIPT_SANDBOXING = YES;
				GCC_C_LANGUAGE_STANDARD = gnu17;
				GCC_NO_COMMON_BLOCKS = YES;
				GCC_WARN_64_TO_32_BIT_CONVERSION = YES;
				GCC_WARN_ABOUT_RETURN_TYPE = YES_ERROR;
				GCC_WARN_UNDECLARED_SELECTOR = YES;
				GCC_WARN_UNINITIALIZED_AUTOS = YES_AGGRESSIVE;
				GCC_WARN_UNUSED_FUNCTION = YES;
				GCC_WARN_UNUSED_VARIABLE = YES;
				IPHONEOS_DEPLOYMENT_TARGET = 18.2;
				LOCALIZATION_PREFERS_STRING_CATALOGS = YES;
				MTL_ENABLE_DEBUG_INFO = NO;
				MTL_FAST_MATH = YES;
				SDKROOT = iphoneos;
				SWIFT_COMPILATION_MODE = wholemodule;
				VALIDATE_PRODUCT = YES;
			};
			name = Release;
		};
		40E135DB2E5C563F00D1D104 /* Debug */ = {
			isa = XCBuildConfiguration;
			buildSettings = {
				BUNDLE_LOADER = "$(TEST_HOST)";
				CODE_SIGN_STYLE = Automatic;
				CURRENT_PROJECT_VERSION = 1;
				DEVELOPMENT_TEAM = TSANYDZ8C4;
				GENERATE_INFOPLIST_FILE = YES;
				IPHONEOS_DEPLOYMENT_TARGET = 18.2;
				MARKETING_VERSION = 1.0;
				PRODUCT_BUNDLE_IDENTIFIER = "com.tvpmovies.Movies-CatalogTests";
				PRODUCT_NAME = "$(TARGET_NAME)";
				SWIFT_EMIT_LOC_STRINGS = NO;
				SWIFT_VERSION = 5.0;
				TARGETED_DEVICE_FAMILY = "1,2";
				TEST_HOST = "$(BUILT_PRODUCTS_DIR)/Movies Catalog.app/$(BUNDLE_EXECUTABLE_FOLDER_PATH)/Movies Catalog";
			};
			name = Debug;
		};
		40E135DC2E5C563F00D1D104 /* Release */ = {
			isa = XCBuildConfiguration;
			buildSettings = {
				BUNDLE_LOADER = "$(TEST_HOST)";
				CODE_SIGN_STYLE = Automatic;
				CURRENT_PROJECT_VERSION = 1;
				DEVELOPMENT_TEAM = TSANYDZ8C4;
				GENERATE_INFOPLIST_FILE = YES;
				IPHONEOS_DEPLOYMENT_TARGET = 18.2;
				MARKETING_VERSION = 1.0;
				PRODUCT_BUNDLE_IDENTIFIER = "com.tvpmovies.Movies-CatalogTests";
				PRODUCT_NAME = "$(TARGET_NAME)";
				SWIFT_EMIT_LOC_STRINGS = NO;
				SWIFT_VERSION = 5.0;
				TARGETED_DEVICE_FAMILY = "1,2";
				TEST_HOST = "$(BUILT_PRODUCTS_DIR)/Movies Catalog.app/$(BUNDLE_EXECUTABLE_FOLDER_PATH)/Movies Catalog";
			};
			name = Release;
		};
		40E135DE2E5C563F00D1D104 /* Debug */ = {
			isa = XCBuildConfiguration;
			buildSettings = {
				CODE_SIGN_STYLE = Automatic;
				CURRENT_PROJECT_VERSION = 1;
				DEVELOPMENT_TEAM = TSANYDZ8C4;
				GENERATE_INFOPLIST_FILE = YES;
				MARKETING_VERSION = 1.0;
				PRODUCT_BUNDLE_IDENTIFIER = "com.tvpmovies.Movies-CatalogUITests";
				PRODUCT_NAME = "$(TARGET_NAME)";
				SWIFT_EMIT_LOC_STRINGS = NO;
				SWIFT_VERSION = 5.0;
				TARGETED_DEVICE_FAMILY = "1,2";
				TEST_TARGET_NAME = "Movies Catalog";
			};
			name = Debug;
		};
		40E135DF2E5C563F00D1D104 /* Release */ = {
			isa = XCBuildConfiguration;
			buildSettings = {
				CODE_SIGN_STYLE = Automatic;
				CURRENT_PROJECT_VERSION = 1;
				DEVELOPMENT_TEAM = TSANYDZ8C4;
				GENERATE_INFOPLIST_FILE = YES;
				MARKETING_VERSION = 1.0;
				PRODUCT_BUNDLE_IDENTIFIER = "com.tvpmovies.Movies-CatalogUITests";
				PRODUCT_NAME = "$(TARGET_NAME)";
				SWIFT_EMIT_LOC_STRINGS = NO;
				SWIFT_VERSION = 5.0;
				TARGETED_DEVICE_FAMILY = "1,2";
				TEST_TARGET_NAME = "Movies Catalog";
			};
			name = Release;
		};
/* End XCBuildConfiguration section */

/* Begin XCConfigurationList section */
		40E135A42E5C563A00D1D104 /* Build configuration list for PBXProject "Movies Catalog" */ = {
			isa = XCConfigurationList;
			buildConfigurations = (
				40E135D82E5C563F00D1D104 /* Debug */,
				40E135D92E5C563F00D1D104 /* Release */,
			);
			defaultConfigurationIsVisible = 0;
			defaultConfigurationName = Release;
		};
		40E135D52E5C563F00D1D104 /* Build configuration list for PBXNativeTarget "Movies Catalog" */ = {
			isa = XCConfigurationList;
			buildConfigurations = (
				40E135D62E5C563F00D1D104 /* Debug */,
				40E135D72E5C563F00D1D104 /* Release */,
			);
			defaultConfigurationIsVisible = 0;
			defaultConfigurationName = Release;
		};
		40E135DA2E5C563F00D1D104 /* Build configuration list for PBXNativeTarget "Movies CatalogTests" */ = {
			isa = XCConfigurationList;
			buildConfigurations = (
				40E135DB2E5C563F00D1D104 /* Debug */,
				40E135DC2E5C563F00D1D104 /* Release */,
			);
			defaultConfigurationIsVisible = 0;
			defaultConfigurationName = Release;
		};
		40E135DD2E5C563F00D1D104 /* Build configuration list for PBXNativeTarget "Movies CatalogUITests" */ = {
			isa = XCConfigurationList;
			buildConfigurations = (
				40E135DE2E5C563F00D1D104 /* Debug */,
				40E135DF2E5C563F00D1D104 /* Release */,
			);
			defaultConfigurationIsVisible = 0;
			defaultConfigurationName = Release;
		};
/* End XCConfigurationList section */
	};
	rootObject = 40E135A12E5C563A00D1D104 /* Project object */;
}
